
Microsoft Visual Studio Solution File, Format Version 12.00
# Visual Studio Version 16
VisualStudioVersion = 16.0.31729.503
MinimumVisualStudioVersion = 10.0.40219.1
Project("{FAE04EC0-301F-11D3-BF4B-00C04F79EFBC}") = "DDD", "DDD\DDD.csproj", "{265C6BAD-3C76-4A9E-B354-B84362D18771}"
EndProject
Global
	GlobalSection(SolutionConfigurationPlatforms) = preSolution
		Debug|Any CPU = Debug|Any CPU
		Release|Any CPU = Release|Any CPU
	EndGlobalSection
	GlobalSection(ProjectConfigurationPlatforms) = postSolution
		{265C6BAD-3C76-4A9E-B354-B84362D18771}.Debug|Any CPU.ActiveCfg = Debug|Any CPU
		{265C6BAD-3C76-4A9E-B354-B84362D18771}.Debug|Any CPU.Build.0 = Debug|Any CPU
		{265C6BAD-3C76-4A9E-B354-B84362D18771}.Release|Any CPU.ActiveCfg = Release|Any CPU
		{265C6BAD-3C76-4A9E-B354-B84362D18771}.Release|Any CPU.Build.0 = Release|Any CPU
	EndGlobalSection
	GlobalSection(SolutionProperties) = preSolution
		HideSolutionNode = FALSE
	EndGlobalSection
	GlobalSection(ExtensibilityGlobals) = postSolution
		SolutionGuid = {9D816818-3903-474E-9F2C-E1B19AC797EE}
	EndGlobalSection
EndGlobal
